// !$*UTF8*$!
{
	archiveVersion = 1;
	classes = {
	};
	objectVersion = 55;
	objects = {

/* Begin PBXBuildFile section */
		E79CAA7F28CFCBAF007AC369 /* CollectionViewTableViewCell.swift in Sources */ = {isa = PBXBuildFile; fileRef = E79CAA7E28CFCBAF007AC369 /* CollectionViewTableViewCell.swift */; };
		E7B4AAD528CE833C006CDD98 /* AppDelegate.swift in Sources */ = {isa = PBXBuildFile; fileRef = E7B4AAD428CE833C006CDD98 /* AppDelegate.swift */; };
		E7B4AAD728CE833C006CDD98 /* SceneDelegate.swift in Sources */ = {isa = PBXBuildFile; fileRef = E7B4AAD628CE833C006CDD98 /* SceneDelegate.swift */; };
		E7B4AAD928CE833C006CDD98 /* MainTabBarViewController.swift in Sources */ = {isa = PBXBuildFile; fileRef = E7B4AAD828CE833C006CDD98 /* MainTabBarViewController.swift */; };
		E7B4AADE28CE835A006CDD98 /* Assets.xcassets in Resources */ = {isa = PBXBuildFile; fileRef = E7B4AADD28CE835A006CDD98 /* Assets.xcassets */; };
		E7B4AAE128CE835A006CDD98 /* LaunchScreen.storyboard in Resources */ = {isa = PBXBuildFile; fileRef = E7B4AADF28CE835A006CDD98 /* LaunchScreen.storyboard */; };
		E7B4AAEA28CE8478006CDD98 /* HomeViewController.swift in Sources */ = {isa = PBXBuildFile; fileRef = E7B4AAE928CE8478006CDD98 /* HomeViewController.swift */; };
		E7B4AAEC28CE8489006CDD98 /* InComingViewController.swift in Sources */ = {isa = PBXBuildFile; fileRef = E7B4AAEB28CE8489006CDD98 /* InComingViewController.swift */; };
		E7B4AAEE28CE8499006CDD98 /* SearchViewController.swift in Sources */ = {isa = PBXBuildFile; fileRef = E7B4AAED28CE8499006CDD98 /* SearchViewController.swift */; };
		E7B4AAF028CE88EC006CDD98 /* DownloadsViewController.swift in Sources */ = {isa = PBXBuildFile; fileRef = E7B4AAEF28CE88EC006CDD98 /* DownloadsViewController.swift */; };
/* End PBXBuildFile section */

/* Begin PBXFileReference section */
		E79CAA7E28CFCBAF007AC369 /* CollectionViewTableViewCell.swift */ = {isa = PBXFileReference; lastKnownFileType = sourcecode.swift; path = CollectionViewTableViewCell.swift; sourceTree = "<group>"; };
		E7B4AAD128CE833C006CDD98 /* Netflix Clone.app */ = {isa = PBXFileReference; explicitFileType = wrapper.application; includeInIndex = 0; path = "Netflix Clone.app"; sourceTree = BUILT_PRODUCTS_DIR; };
		E7B4AAD428CE833C006CDD98 /* AppDelegate.swift */ = {isa = PBXFileReference; lastKnownFileType = sourcecode.swift; path = AppDelegate.swift; sourceTree = "<group>"; };
		E7B4AAD628CE833C006CDD98 /* SceneDelegate.swift */ = {isa = PBXFileReference; lastKnownFileType = sourcecode.swift; path = SceneDelegate.swift; sourceTree = "<group>"; };
		E7B4AAD828CE833C006CDD98 /* MainTabBarViewController.swift */ = {isa = PBXFileReference; lastKnownFileType = sourcecode.swift; path = MainTabBarViewController.swift; sourceTree = "<group>"; };
		E7B4AADD28CE835A006CDD98 /* Assets.xcassets */ = {isa = PBXFileReference; lastKnownFileType = folder.assetcatalog; path = Assets.xcassets; sourceTree = "<group>"; };
		E7B4AAE028CE835A006CDD98 /* Base */ = {isa = PBXFileReference; lastKnownFileType = file.storyboard; name = Base; path = Base.lproj/LaunchScreen.storyboard; sourceTree = "<group>"; };
		E7B4AAE228CE835A006CDD98 /* Info.plist */ = {isa = PBXFileReference; lastKnownFileType = text.plist.xml; path = Info.plist; sourceTree = "<group>"; };
		E7B4AAE928CE8478006CDD98 /* HomeViewController.swift */ = {isa = PBXFileReference; lastKnownFileType = sourcecode.swift; path = HomeViewController.swift; sourceTree = "<group>"; };
		E7B4AAEB28CE8489006CDD98 /* InComingViewController.swift */ = {isa = PBXFileReference; lastKnownFileType = sourcecode.swift; path = InComingViewController.swift; sourceTree = "<group>"; };
		E7B4AAED28CE8499006CDD98 /* SearchViewController.swift */ = {isa = PBXFileReference; lastKnownFileType = sourcecode.swift; path = SearchViewController.swift; sourceTree = "<group>"; };
		E7B4AAEF28CE88EC006CDD98 /* DownloadsViewController.swift */ = {isa = PBXFileReference; lastKnownFileType = sourcecode.swift; path = DownloadsViewController.swift; sourceTree = "<group>"; };
/* End PBXFileReference section */

/* Begin PBXFrameworksBuildPhase section */
		E7B4AACE28CE833C006CDD98 /* Frameworks */ = {
			isa = PBXFrameworksBuildPhase;
			buildActionMask = 2147483647;
			files = (
			);
			runOnlyForDeploymentPostprocessing = 0;
		};
/* End PBXFrameworksBuildPhase section */

/* Begin PBXGroup section */
		E79CAA7A28CFCB3F007AC369 /* Views */ = {
			isa = PBXGroup;
			children = (
				E79CAA7E28CFCBAF007AC369 /* CollectionViewTableViewCell.swift */,
			);
			path = Views;
			sourceTree = "<group>";
		};
		E79CAA7B28CFCB44007AC369 /* Models */ = {
			isa = PBXGroup;
			children = (
			);
			path = Models;
			sourceTree = "<group>";
		};
		E79CAA7C28CFCB49007AC369 /* Resources */ = {
			isa = PBXGroup;
			children = (
			);
			path = Resources;
			sourceTree = "<group>";
		};
		E79CAA7D28CFCB51007AC369 /* Managers */ = {
			isa = PBXGroup;
			children = (
			);
			path = Managers;
			sourceTree = "<group>";
		};
		E7B4AAC828CE833C006CDD98 = {
			isa = PBXGroup;
			children = (
				E7B4AAD328CE833C006CDD98 /* Netflix Clone */,
				E7B4AAD228CE833C006CDD98 /* Products */,
			);
			sourceTree = "<group>";
		};
		E7B4AAD228CE833C006CDD98 /* Products */ = {
			isa = PBXGroup;
			children = (
				E7B4AAD128CE833C006CDD98 /* Netflix Clone.app */,
			);
			name = Products;
			sourceTree = "<group>";
		};
		E7B4AAD328CE833C006CDD98 /* Netflix Clone */ = {
			isa = PBXGroup;
			children = (
				E79CAA7D28CFCB51007AC369 /* Managers */,
				E79CAA7C28CFCB49007AC369 /* Resources */,
				E79CAA7B28CFCB44007AC369 /* Models */,
				E79CAA7A28CFCB3F007AC369 /* Views */,
				E7B4AAE828CE8466006CDD98 /* Controllers */,
				E7B4AAD428CE833C006CDD98 /* AppDelegate.swift */,
				E7B4AAD628CE833C006CDD98 /* SceneDelegate.swift */,
				E7B4AAD828CE833C006CDD98 /* MainTabBarViewController.swift */,
				E7B4AADD28CE835A006CDD98 /* Assets.xcassets */,
				E7B4AADF28CE835A006CDD98 /* LaunchScreen.storyboard */,
				E7B4AAE228CE835A006CDD98 /* Info.plist */,
			);
			path = "Netflix Clone";
			sourceTree = "<group>";
		};
		E7B4AAE828CE8466006CDD98 /* Controllers */ = {
			isa = PBXGroup;
			children = (
				E7B4AAE928CE8478006CDD98 /* HomeViewController.swift */,
				E7B4AAEB28CE8489006CDD98 /* InComingViewController.swift */,
				E7B4AAED28CE8499006CDD98 /* SearchViewController.swift */,
				E7B4AAEF28CE88EC006CDD98 /* DownloadsViewController.swift */,
			);
			path = Controllers;
			sourceTree = "<group>";
		};
/* End PBXGroup section */

/* Begin PBXNativeTarget section */
		E7B4AAD028CE833C006CDD98 /* Netflix Clone */ = {
			isa = PBXNativeTarget;
			buildConfigurationList = E7B4AAE528CE835A006CDD98 /* Build configuration list for PBXNativeTarget "Netflix Clone" */;
			buildPhases = (
				E7B4AACD28CE833C006CDD98 /* Sources */,
				E7B4AACE28CE833C006CDD98 /* Frameworks */,
				E7B4AACF28CE833C006CDD98 /* Resources */,
			);
			buildRules = (
			);
			dependencies = (
			);
			name = "Netflix Clone";
			productName = "Netflix Clone";
			productReference = E7B4AAD128CE833C006CDD98 /* Netflix Clone.app */;
			productType = "com.apple.product-type.application";
		};
/* End PBXNativeTarget section */

/* Begin PBXProject section */
		E7B4AAC928CE833C006CDD98 /* Project object */ = {
			isa = PBXProject;
			attributes = {
				BuildIndependentTargetsInParallel = 1;
				LastSwiftUpdateCheck = 1340;
				LastUpgradeCheck = 1340;
				TargetAttributes = {
					E7B4AAD028CE833C006CDD98 = {
						CreatedOnToolsVersion = 13.4.1;
					};
				};
			};
			buildConfigurationList = E7B4AACC28CE833C006CDD98 /* Build configuration list for PBXProject "Netflix Clone" */;
			compatibilityVersion = "Xcode 13.0";
			developmentRegion = en;
			hasScannedForEncodings = 0;
			knownRegions = (
				en,
				Base,
			);
			mainGroup = E7B4AAC828CE833C006CDD98;
			productRefGroup = E7B4AAD228CE833C006CDD98 /* Products */;
			projectDirPath = "";
			projectRoot = "";
			targets = (
				E7B4AAD028CE833C006CDD98 /* Netflix Clone */,
			);
		};
/* End PBXProject section */

/* Begin PBXResourcesBuildPhase section */
		E7B4AACF28CE833C006CDD98 /* Resources */ = {
			isa = PBXResourcesBuildPhase;
			buildActionMask = 2147483647;
			files = (
				E7B4AAE128CE835A006CDD98 /* LaunchScreen.storyboard in Resources */,
				E7B4AADE28CE835A006CDD98 /* Assets.xcassets in Resources */,
			);
			runOnlyForDeploymentPostprocessing = 0;
		};
/* End PBXResourcesBuildPhase section */

/* Begin PBXSourcesBuildPhase section */
		E7B4AACD28CE833C006CDD98 /* Sources */ = {
			isa = PBXSourcesBuildPhase;
			buildActionMask = 2147483647;
			files = (
				E7B4AAEE28CE8499006CDD98 /* SearchViewController.swift in Sources */,
				E7B4AAD928CE833C006CDD98 /* MainTabBarViewController.swift in Sources */,
				E79CAA7F28CFCBAF007AC369 /* CollectionViewTableViewCell.swift in Sources */,
				E7B4AAF028CE88EC006CDD98 /* DownloadsViewController.swift in Sources */,
				E7B4AAD528CE833C006CDD98 /* AppDelegate.swift in Sources */,
				E7B4AAD728CE833C006CDD98 /* SceneDelegate.swift in Sources */,
				E7B4AAEC28CE8489006CDD98 /* InComingViewController.swift in Sources */,
				E7B4AAEA28CE8478006CDD98 /* HomeViewController.swift in Sources */,
			);
			runOnlyForDeploymentPostprocessing = 0;
		};
/* End PBXSourcesBuildPhase section */

/* Begin PBXVariantGroup section */
		E7B4AADF28CE835A006CDD98 /* LaunchScreen.storyboard */ = {
			isa = PBXVariantGroup;
			children = (
				E7B4AAE028CE835A006CDD98 /* Base */,
			);
			name = LaunchScreen.storyboard;
			sourceTree = "<group>";
		};
/* End PBXVariantGroup section */

/* Begin XCBuildConfiguration section */
		E7B4AAE328CE835A006CDD98 /* Debug */ = {
			isa = XCBuildConfiguration;
			buildSettings = {
				ALWAYS_SEARCH_USER_PATHS = NO;
				CLANG_ANALYZER_NONNULL = YES;
				CLANG_ANALYZER_NUMBER_OBJECT_CONVERSION = YES_AGGRESSIVE;
				CLANG_CXX_LANGUAGE_STANDARD = "gnu++17";
				CLANG_ENABLE_MODULES = YES;
				CLANG_ENABLE_OBJC_ARC = YES;
				CLANG_ENABLE_OBJC_WEAK = YES;
				CLANG_WARN_BLOCK_CAPTURE_AUTORELEASING = YES;
				CLANG_WARN_BOOL_CONVERSION = YES;
				CLANG_WARN_COMMA = YES;
				CLANG_WARN_CONSTANT_CONVERSION = YES;
				CLANG_WARN_DEPRECATED_OBJC_IMPLEMENTATIONS = YES;
				CLANG_WARN_DIRECT_OBJC_ISA_USAGE = YES_ERROR;
				CLANG_WARN_DOCUMENTATION_COMMENTS = YES;
				CLANG_WARN_EMPTY_BODY = YES;
				CLANG_WARN_ENUM_CONVERSION = YES;
				CLANG_WARN_INFINITE_RECURSION = YES;
				CLANG_WARN_INT_CONVERSION = YES;
				CLANG_WARN_NON_LITERAL_NULL_CONVERSION = YES;
				CLANG_WARN_OBJC_IMPLICIT_RETAIN_SELF = YES;
				CLANG_WARN_OBJC_LITERAL_CONVERSION = YES;
				CLANG_WARN_OBJC_ROOT_CLASS = YES_ERROR;
				CLANG_WARN_QUOTED_INCLUDE_IN_FRAMEWORK_HEADER = YES;
				CLANG_WARN_RANGE_LOOP_ANALYSIS = YES;
				CLANG_WARN_STRICT_PROTOTYPES = YES;
				CLANG_WARN_SUSPICIOUS_MOVE = YES;
				CLANG_WARN_UNGUARDED_AVAILABILITY = YES_AGGRESSIVE;
				CLANG_WARN_UNREACHABLE_CODE = YES;
				CLANG_WARN__DUPLICATE_METHOD_MATCH = YES;
				COPY_PHASE_STRIP = NO;
				DEBUG_INFORMATION_FORMAT = dwarf;
				ENABLE_STRICT_OBJC_MSGSEND = YES;
				ENABLE_TESTABILITY = YES;
				GCC_C_LANGUAGE_STANDARD = gnu11;
				GCC_DYNAMIC_NO_PIC = NO;
				GCC_NO_COMMON_BLOCKS = YES;
				GCC_OPTIMIZATION_LEVEL = 0;
				GCC_PREPROCESSOR_DEFINITIONS = (
					"DEBUG=1",
					"$(inherited)",
				);
				GCC_WARN_64_TO_32_BIT_CONVERSION = YES;
				GCC_WARN_ABOUT_RETURN_TYPE = YES_ERROR;
				GCC_WARN_UNDECLARED_SELECTOR = YES;
				GCC_WARN_UNINITIALIZED_AUTOS = YES_AGGRESSIVE;
				GCC_WARN_UNUSED_FUNCTION = YES;
				GCC_WARN_UNUSED_VARIABLE = YES;
				IPHONEOS_DEPLOYMENT_TARGET = 15.5;
				MTL_ENABLE_DEBUG_INFO = INCLUDE_SOURCE;
				MTL_FAST_MATH = YES;
				ONLY_ACTIVE_ARCH = YES;
				SDKROOT = iphoneos;
				SWIFT_ACTIVE_COMPILATION_CONDITIONS = DEBUG;
				SWIFT_OPTIMIZATION_LEVEL = "-Onone";
			};
			name = Debug;
		};
		E7B4AAE428CE835A006CDD98 /* Release */ = {
			isa = XCBuildConfiguration;
			buildSettings = {
				ALWAYS_SEARCH_USER_PATHS = NO;
				CLANG_ANALYZER_NONNULL = YES;
				CLANG_ANALYZER_NUMBER_OBJECT_CONVERSION = YES_AGGRESSIVE;
				CLANG_CXX_LANGUAGE_STANDARD = "gnu++17";
				CLANG_ENABLE_MODULES = YES;
				CLANG_ENABLE_OBJC_ARC = YES;
				CLANG_ENABLE_OBJC_WEAK = YES;
				CLANG_WARN_BLOCK_CAPTURE_AUTORELEASING = YES;
				CLANG_WARN_BOOL_CONVERSION = YES;
				CLANG_WARN_COMMA = YES;
				CLANG_WARN_CONSTANT_CONVERSION = YES;
				CLANG_WARN_DEPRECATED_OBJC_IMPLEMENTATIONS = YES;
				CLANG_WARN_DIRECT_OBJC_ISA_USAGE = YES_ERROR;
				CLANG_WARN_DOCUMENTATION_COMMENTS = YES;
				CLANG_WARN_EMPTY_BODY = YES;
				CLANG_WARN_ENUM_CONVERSION = YES;
				CLANG_WARN_INFINITE_RECURSION = YES;
				CLANG_WARN_INT_CONVERSION = YES;
				CLANG_WARN_NON_LITERAL_NULL_CONVERSION = YES;
				CLANG_WARN_OBJC_IMPLICIT_RETAIN_SELF = YES;
				CLANG_WARN_OBJC_LITERAL_CONVERSION = YES;
				CLANG_WARN_OBJC_ROOT_CLASS = YES_ERROR;
				CLANG_WARN_QUOTED_INCLUDE_IN_FRAMEWORK_HEADER = YES;
				CLANG_WARN_RANGE_LOOP_ANALYSIS = YES;
				CLANG_WARN_STRICT_PROTOTYPES = YES;
				CLANG_WARN_SUSPICIOUS_MOVE = YES;
				CLANG_WARN_UNGUARDED_AVAILABILITY = YES_AGGRESSIVE;
				CLANG_WARN_UNREACHABLE_CODE = YES;
				CLANG_WARN__DUPLICATE_METHOD_MATCH = YES;
				COPY_PHASE_STRIP = NO;
				DEBUG_INFORMATION_FORMAT = "dwarf-with-dsym";
				ENABLE_NS_ASSERTIONS = NO;
				ENABLE_STRICT_OBJC_MSGSEND = YES;
				GCC_C_LANGUAGE_STANDARD = gnu11;
				GCC_NO_COMMON_BLOCKS = YES;
				GCC_WARN_64_TO_32_BIT_CONVERSION = YES;
				GCC_WARN_ABOUT_RETURN_TYPE = YES_ERROR;
				GCC_WARN_UNDECLARED_SELECTOR = YES;
				GCC_WARN_UNINITIALIZED_AUTOS = YES_AGGRESSIVE;
				GCC_WARN_UNUSED_FUNCTION = YES;
				GCC_WARN_UNUSED_VARIABLE = YES;
				IPHONEOS_DEPLOYMENT_TARGET = 15.5;
				MTL_ENABLE_DEBUG_INFO = NO;
				MTL_FAST_MATH = YES;
				SDKROOT = iphoneos;
				SWIFT_COMPILATION_MODE = wholemodule;
				SWIFT_OPTIMIZATION_LEVEL = "-O";
				VALIDATE_PRODUCT = YES;
			};
			name = Release;
		};
		E7B4AAE628CE835A006CDD98 /* Debug */ = {
			isa = XCBuildConfiguration;
			buildSettings = {
				ASSETCATALOG_COMPILER_APPICON_NAME = AppIcon;
				ASSETCATALOG_COMPILER_GLOBAL_ACCENT_COLOR_NAME = AccentColor;
				CODE_SIGN_STYLE = Automatic;
				CURRENT_PROJECT_VERSION = 1;
				GENERATE_INFOPLIST_FILE = YES;
				INFOPLIST_FILE = "Netflix Clone/Info.plist";
				INFOPLIST_KEY_UIApplicationSupportsIndirectInputEvents = YES;
				INFOPLIST_KEY_UILaunchStoryboardName = LaunchScreen;
				INFOPLIST_KEY_UISupportedInterfaceOrientations_iPad = "UIInterfaceOrientationPortrait UIInterfaceOrientationPortraitUpsideDown UIInterfaceOrientationLandscapeLeft UIInterfaceOrientationLandscapeRight";
				INFOPLIST_KEY_UISupportedInterfaceOrientations_iPhone = "UIInterfaceOrientationPortrait UIInterfaceOrientationLandscapeLeft UIInterfaceOrientationLandscapeRight";
				LD_RUNPATH_SEARCH_PATHS = (
					"$(inherited)",
					"@executable_path/Frameworks",
				);
				MARKETING_VERSION = 1.0;
				PRODUCT_BUNDLE_IDENTIFIER = "netflix-Clone.Netflix-Clone";
				PRODUCT_NAME = "$(TARGET_NAME)";
				SWIFT_EMIT_LOC_STRINGS = YES;
				SWIFT_VERSION = 5.0;
				TARGETED_DEVICE_FAMILY = "1,2";
			};
			name = Debug;
		};
		E7B4AAE728CE835A006CDD98 /* Release */ = {
			isa = XCBuildConfiguration;
			buildSettings = {
				ASSETCATALOG_COMPILER_APPICON_NAME = AppIcon;
				ASSETCATALOG_COMPILER_GLOBAL_ACCENT_COLOR_NAME = AccentColor;
				CODE_SIGN_STYLE = Automatic;
				CURRENT_PROJECT_VERSION = 1;
				GENERATE_INFOPLIST_FILE = YES;
				INFOPLIST_FILE = "Netflix Clone/Info.plist";
				INFOPLIST_KEY_UIApplicationSupportsIndirectInputEvents = YES;
				INFOPLIST_KEY_UILaunchStoryboardName = LaunchScreen;
				INFOPLIST_KEY_UISupportedInterfaceOrientations_iPad = "UIInterfaceOrientationPortrait UIInterfaceOrientationPortraitUpsideDown UIInterfaceOrientationLandscapeLeft UIInterfaceOrientationLandscapeRight";
				INFOPLIST_KEY_UISupportedInterfaceOrientations_iPhone = "UIInterfaceOrientationPortrait UIInterfaceOrientationLandscapeLeft UIInterfaceOrientationLandscapeRight";
				LD_RUNPATH_SEARCH_PATHS = (
					"$(inherited)",
					"@executable_path/Frameworks",
				);
				MARKETING_VERSION = 1.0;
				PRODUCT_BUNDLE_IDENTIFIER = "netflix-Clone.Netflix-Clone";
				PRODUCT_NAME = "$(TARGET_NAME)";
				SWIFT_EMIT_LOC_STRINGS = YES;
				SWIFT_VERSION = 5.0;
				TARGETED_DEVICE_FAMILY = "1,2";
			};
			name = Release;
		};
/* End XCBuildConfiguration section */

/* Begin XCConfigurationList section */
		E7B4AACC28CE833C006CDD98 /* Build configuration list for PBXProject "Netflix Clone" */ = {
			isa = XCConfigurationList;
			buildConfigurations = (
				E7B4AAE328CE835A006CDD98 /* Debug */,
				E7B4AAE428CE835A006CDD98 /* Release */,
			);
			defaultConfigurationIsVisible = 0;
			defaultConfigurationName = Release;
		};
		E7B4AAE528CE835A006CDD98 /* Build configuration list for PBXNativeTarget "Netflix Clone" */ = {
			isa = XCConfigurationList;
			buildConfigurations = (
				E7B4AAE628CE835A006CDD98 /* Debug */,
				E7B4AAE728CE835A006CDD98 /* Release */,
			);
			defaultConfigurationIsVisible = 0;
			defaultConfigurationName = Release;
		};
/* End XCConfigurationList section */
	};
	rootObject = E7B4AAC928CE833C006CDD98 /* Project object */;
}
